
Microsoft Visual Studio Solution File, Format Version 12.00
# Visual Studio Version 16
VisualStudioVersion = 16.0.31729.503
MinimumVisualStudioVersion = 10.0.40219.1
Project("{FAE04EC0-301F-11D3-BF4B-00C04F79EFBC}") = "Presentation", "Presentation\Presentation.csproj", "{7FD99522-3F5F-4BF6-BF01-01FE23AEB06D}"
EndProject
Project("{FAE04EC0-301F-11D3-BF4B-00C04F79EFBC}") = "Domain", "Domain\Domain.csproj", "{E418D26A-7451-439F-86FC-CC5658B9D326}"
EndProject
Project("{FAE04EC0-301F-11D3-BF4B-00C04F79EFBC}") = "Infrastructure", "Infrastructure\Infrastructure.csproj", "{AD68D52A-B31F-456D-8E13-B40E077F5997}"
EndProject
Project("{FAE04EC0-301F-11D3-BF4B-00C04F79EFBC}") = "Application", "Application\Application.csproj", "{35FD589E-1D75-4F5C-8E19-7430C3308D3E}"
EndProject
Project("{FAE04EC0-301F-11D3-BF4B-00C04F79EFBC}") = "BDD.Test", "BDD.Test\BDD.Test.csproj", "{DE5C7981-0BA0-42F6-B2EE-DA80CC4A211A}"
EndProject
Global
	GlobalSection(SolutionConfigurationPlatforms) = preSolution
		Debug|Any CPU = Debug|Any CPU
		Release|Any CPU = Release|Any CPU
	EndGlobalSection
	GlobalSection(ProjectConfigurationPlatforms) = postSolution
		{7FD99522-3F5F-4BF6-BF01-01FE23AEB06D}.Debug|Any CPU.ActiveCfg = Debug|Any CPU
		{7FD99522-3F5F-4BF6-BF01-01FE23AEB06D}.Debug|Any CPU.Build.0 = Debug|Any CPU
		{7FD99522-3F5F-4BF6-BF01-01FE23AEB06D}.Release|Any CPU.ActiveCfg = Release|Any CPU
		{7FD99522-3F5F-4BF6-BF01-01FE23AEB06D}.Release|Any CPU.Build.0 = Release|Any CPU
		{E418D26A-7451-439F-86FC-CC5658B9D326}.Debug|Any CPU.ActiveCfg = Debug|Any CPU
		{E418D26A-7451-439F-86FC-CC5658B9D326}.Debug|Any CPU.Build.0 = Debug|Any CPU
		{E418D26A-7451-439F-86FC-CC5658B9D326}.Release|Any CPU.ActiveCfg = Release|Any CPU
		{E418D26A-7451-439F-86FC-CC5658B9D326}.Release|Any CPU.Build.0 = Release|Any CPU
		{AD68D52A-B31F-456D-8E13-B40E077F5997}.Debug|Any CPU.ActiveCfg = Debug|Any CPU
		{AD68D52A-B31F-456D-8E13-B40E077F5997}.Debug|Any CPU.Build.0 = Debug|Any CPU
		{AD68D52A-B31F-456D-8E13-B40E077F5997}.Release|Any CPU.ActiveCfg = Release|Any CPU
		{AD68D52A-B31F-456D-8E13-B40E077F5997}.Release|Any CPU.Build.0 = Release|Any CPU
		{35FD589E-1D75-4F5C-8E19-7430C3308D3E}.Debug|Any CPU.ActiveCfg = Debug|Any CPU
		{35FD589E-1D75-4F5C-8E19-7430C3308D3E}.Debug|Any CPU.Build.0 = Debug|Any CPU
		{35FD589E-1D75-4F5C-8E19-7430C3308D3E}.Release|Any CPU.ActiveCfg = Release|Any CPU
		{35FD589E-1D75-4F5C-8E19-7430C3308D3E}.Release|Any CPU.Build.0 = Release|Any CPU
		{DE5C7981-0BA0-42F6-B2EE-DA80CC4A211A}.Debug|Any CPU.ActiveCfg = Debug|Any CPU
		{DE5C7981-0BA0-42F6-B2EE-DA80CC4A211A}.Debug|Any CPU.Build.0 = Debug|Any CPU
		{DE5C7981-0BA0-42F6-B2EE-DA80CC4A211A}.Release|Any CPU.ActiveCfg = Release|Any CPU
		{DE5C7981-0BA0-42F6-B2EE-DA80CC4A211A}.Release|Any CPU.Build.0 = Release|Any CPU
	EndGlobalSection
	GlobalSection(SolutionProperties) = preSolution
		HideSolutionNode = FALSE
	EndGlobalSection
	GlobalSection(ExtensibilityGlobals) = postSolution
		SolutionGuid = {4B5A26C9-68C1-49D9-9F32-AF907A1730C2}
	EndGlobalSection
EndGlobal
